// !$*UTF8*$!
{
	archiveVersion = 1;
	classes = {
	};
	objectVersion = 50;
	objects = {

/* Begin PBXBuildFile section */
		3738663E2447ED0500EE47AF /* AppDelegate.swift in Sources */ = {isa = PBXBuildFile; fileRef = 3738663D2447ED0500EE47AF /* AppDelegate.swift */; };
		373866402447ED0500EE47AF /* SceneDelegate.swift in Sources */ = {isa = PBXBuildFile; fileRef = 3738663F2447ED0500EE47AF /* SceneDelegate.swift */; };
		373866422447ED0500EE47AF /* ViewController.swift in Sources */ = {isa = PBXBuildFile; fileRef = 373866412447ED0500EE47AF /* ViewController.swift */; };
		373866452447ED0500EE47AF /* Main.storyboard in Resources */ = {isa = PBXBuildFile; fileRef = 373866432447ED0500EE47AF /* Main.storyboard */; };
		373866472447ED0700EE47AF /* Assets.xcassets in Resources */ = {isa = PBXBuildFile; fileRef = 373866462447ED0700EE47AF /* Assets.xcassets */; };
		3738664A2447ED0700EE47AF /* LaunchScreen.storyboard in Resources */ = {isa = PBXBuildFile; fileRef = 373866482447ED0700EE47AF /* LaunchScreen.storyboard */; };
		37386656244801D900EE47AF /* LookHouseProject.podspec in Resources */ = {isa = PBXBuildFile; fileRef = 37386655244801D900EE47AF /* LookHouseProject.podspec */; };
		373866582448629100EE47AF /* VRViewController.swift in Sources */ = {isa = PBXBuildFile; fileRef = 373866572448629100EE47AF /* VRViewController.swift */; };
/* End PBXBuildFile section */

/* Begin PBXFileReference section */
		3738663A2447ED0500EE47AF /* LookHomeVRDemo.app */ = {isa = PBXFileReference; explicitFileType = wrapper.application; includeInIndex = 0; path = LookHomeVRDemo.app; sourceTree = BUILT_PRODUCTS_DIR; };
		3738663D2447ED0500EE47AF /* AppDelegate.swift */ = {isa = PBXFileReference; lastKnownFileType = sourcecode.swift; path = AppDelegate.swift; sourceTree = "<group>"; };
		3738663F2447ED0500EE47AF /* SceneDelegate.swift */ = {isa = PBXFileReference; lastKnownFileType = sourcecode.swift; path = SceneDelegate.swift; sourceTree = "<group>"; };
		373866412447ED0500EE47AF /* ViewController.swift */ = {isa = PBXFileReference; lastKnownFileType = sourcecode.swift; path = ViewController.swift; sourceTree = "<group>"; };
		373866442447ED0500EE47AF /* Base */ = {isa = PBXFileReference; lastKnownFileType = file.storyboard; name = Base; path = Base.lproj/Main.storyboard; sourceTree = "<group>"; };
		373866462447ED0700EE47AF /* Assets.xcassets */ = {isa = PBXFileReference; lastKnownFileType = folder.assetcatalog; path = Assets.xcassets; sourceTree = "<group>"; };
		373866492447ED0700EE47AF /* Base */ = {isa = PBXFileReference; lastKnownFileType = file.storyboard; name = Base; path = Base.lproj/LaunchScreen.storyboard; sourceTree = "<group>"; };
		3738664B2447ED0700EE47AF /* Info.plist */ = {isa = PBXFileReference; lastKnownFileType = text.plist.xml; path = Info.plist; sourceTree = "<group>"; };
		37386655244801D900EE47AF /* LookHouseProject.podspec */ = {isa = PBXFileReference; fileEncoding = 4; lastKnownFileType = text; name = LookHouseProject.podspec; path = ../LookHouseProject.podspec; sourceTree = "<group>"; };
		373866572448629100EE47AF /* VRViewController.swift */ = {isa = PBXFileReference; lastKnownFileType = sourcecode.swift; path = VRViewController.swift; sourceTree = "<group>"; };
/* End PBXFileReference section */

/* Begin PBXFrameworksBuildPhase section */
		373866372447ED0500EE47AF /* Frameworks */ = {
			isa = PBXFrameworksBuildPhase;
			buildActionMask = 2147483647;
			files = (
			);
			runOnlyForDeploymentPostprocessing = 0;
		};
/* End PBXFrameworksBuildPhase section */

/* Begin PBXGroup section */
		373866312447ED0500EE47AF = {
			isa = PBXGroup;
			children = (
				37386655244801D900EE47AF /* LookHouseProject.podspec */,
				3738663C2447ED0500EE47AF /* LookHomeVRDemo */,
				3738663B2447ED0500EE47AF /* Products */,
			);
			sourceTree = "<group>";
		};
		3738663B2447ED0500EE47AF /* Products */ = {
			isa = PBXGroup;
			children = (
				3738663A2447ED0500EE47AF /* LookHomeVRDemo.app */,
			);
			name = Products;
			sourceTree = "<group>";
		};
		3738663C2447ED0500EE47AF /* LookHomeVRDemo */ = {
			isa = PBXGroup;
			children = (
				37386653244801C600EE47AF /* LookHomeModule */,
				3738663D2447ED0500EE47AF /* AppDelegate.swift */,
				3738663F2447ED0500EE47AF /* SceneDelegate.swift */,
				373866412447ED0500EE47AF /* ViewController.swift */,
				373866432447ED0500EE47AF /* Main.storyboard */,
				373866462447ED0700EE47AF /* Assets.xcassets */,
				373866482447ED0700EE47AF /* LaunchScreen.storyboard */,
				3738664B2447ED0700EE47AF /* Info.plist */,
			);
			path = LookHomeVRDemo;
			sourceTree = "<group>";
		};
		37386653244801C600EE47AF /* LookHomeModule */ = {
			isa = PBXGroup;
			children = (
				37386654244801C600EE47AF /* Classes */,
			);
			name = LookHomeModule;
			path = ../../LookHomeModule;
			sourceTree = "<group>";
		};
		37386654244801C600EE47AF /* Classes */ = {
			isa = PBXGroup;
			children = (
				373866572448629100EE47AF /* VRViewController.swift */,
			);
			path = Classes;
			sourceTree = "<group>";
		};
/* End PBXGroup section */

/* Begin PBXNativeTarget section */
		373866392447ED0500EE47AF /* LookHomeVRDemo */ = {
			isa = PBXNativeTarget;
			buildConfigurationList = 3738664E2447ED0700EE47AF /* Build configuration list for PBXNativeTarget "LookHomeVRDemo" */;
			buildPhases = (
				373866362447ED0500EE47AF /* Sources */,
				373866372447ED0500EE47AF /* Frameworks */,
				373866382447ED0500EE47AF /* Resources */,
			);
			buildRules = (
			);
			dependencies = (
			);
			name = LookHomeVRDemo;
			productName = LookHomeVRDemo;
			productReference = 3738663A2447ED0500EE47AF /* LookHomeVRDemo.app */;
			productType = "com.apple.product-type.application";
		};
/* End PBXNativeTarget section */

/* Begin PBXProject section */
		373866322447ED0500EE47AF /* Project object */ = {
			isa = PBXProject;
			attributes = {
				LastSwiftUpdateCheck = 1140;
				LastUpgradeCheck = 1140;
				ORGANIZATIONNAME = aaron;
				TargetAttributes = {
					373866392447ED0500EE47AF = {
						CreatedOnToolsVersion = 11.4;
					};
				};
			};
			buildConfigurationList = 373866352447ED0500EE47AF /* Build configuration list for PBXProject "LookHomeVRDemo" */;
			compatibilityVersion = "Xcode 9.3";
			developmentRegion = en;
			hasScannedForEncodings = 0;
			knownRegions = (
				en,
				Base,
			);
			mainGroup = 373866312447ED0500EE47AF;
			productRefGroup = 3738663B2447ED0500EE47AF /* Products */;
			projectDirPath = "";
			projectRoot = "";
			targets = (
				373866392447ED0500EE47AF /* LookHomeVRDemo */,
			);
		};
/* End PBXProject section */

/* Begin PBXResourcesBuildPhase section */
		373866382447ED0500EE47AF /* Resources */ = {
			isa = PBXResourcesBuildPhase;
			buildActionMask = 2147483647;
			files = (
				37386656244801D900EE47AF /* LookHouseProject.podspec in Resources */,
				3738664A2447ED0700EE47AF /* LaunchScreen.storyboard in Resources */,
				373866472447ED0700EE47AF /* Assets.xcassets in Resources */,
				373866452447ED0500EE47AF /* Main.storyboard in Resources */,
			);
			runOnlyForDeploymentPostprocessing = 0;
		};
/* End PBXResourcesBuildPhase section */

/* Begin PBXSourcesBuildPhase section */
		373866362447ED0500EE47AF /* Sources */ = {
			isa = PBXSourcesBuildPhase;
			buildActionMask = 2147483647;
			files = (
				373866582448629100EE47AF /* VRViewController.swift in Sources */,
				373866422447ED0500EE47AF /* ViewController.swift in Sources */,
				3738663E2447ED0500EE47AF /* AppDelegate.swift in Sources */,
				373866402447ED0500EE47AF /* SceneDelegate.swift in Sources */,
			);
			runOnlyForDeploymentPostprocessing = 0;
		};
/* End PBXSourcesBuildPhase section */

/* Begin PBXVariantGroup section */
		373866432447ED0500EE47AF /* Main.storyboard */ = {
			isa = PBXVariantGroup;
			children = (
				373866442447ED0500EE47AF /* Base */,
			);
			name = Main.storyboard;
			sourceTree = "<group>";
		};
		373866482447ED0700EE47AF /* LaunchScreen.storyboard */ = {
			isa = PBXVariantGroup;
			children = (
				373866492447ED0700EE47AF /* Base */,
			);
			name = LaunchScreen.storyboard;
			sourceTree = "<group>";
		};
/* End PBXVariantGroup section */

/* Begin XCBuildConfiguration section */
		3738664C2447ED0700EE47AF /* Debug */ = {
			isa = XCBuildConfiguration;
			buildSettings = {
				ALWAYS_SEARCH_USER_PATHS = NO;
				CLANG_ANALYZER_NONNULL = YES;
				CLANG_ANALYZER_NUMBER_OBJECT_CONVERSION = YES_AGGRESSIVE;
				CLANG_CXX_LANGUAGE_STANDARD = "gnu++14";
				CLANG_CXX_LIBRARY = "libc++";
				CLANG_ENABLE_MODULES = YES;
				CLANG_ENABLE_OBJC_ARC = YES;
				CLANG_ENABLE_OBJC_WEAK = YES;
				CLANG_WARN_BLOCK_CAPTURE_AUTORELEASING = YES;
				CLANG_WARN_BOOL_CONVERSION = YES;
				CLANG_WARN_COMMA = YES;
				CLANG_WARN_CONSTANT_CONVERSION = YES;
				CLANG_WARN_DEPRECATED_OBJC_IMPLEMENTATIONS = YES;
				CLANG_WARN_DIRECT_OBJC_ISA_USAGE = YES_ERROR;
				CLANG_WARN_DOCUMENTATION_COMMENTS = YES;
				CLANG_WARN_EMPTY_BODY = YES;
				CLANG_WARN_ENUM_CONVERSION = YES;
				CLANG_WARN_INFINITE_RECURSION = YES;
				CLANG_WARN_INT_CONVERSION = YES;
				CLANG_WARN_NON_LITERAL_NULL_CONVERSION = YES;
				CLANG_WARN_OBJC_IMPLICIT_RETAIN_SELF = YES;
				CLANG_WARN_OBJC_LITERAL_CONVERSION = YES;
				CLANG_WARN_OBJC_ROOT_CLASS = YES_ERROR;
				CLANG_WARN_RANGE_LOOP_ANALYSIS = YES;
				CLANG_WARN_STRICT_PROTOTYPES = YES;
				CLANG_WARN_SUSPICIOUS_MOVE = YES;
				CLANG_WARN_UNGUARDED_AVAILABILITY = YES_AGGRESSIVE;
				CLANG_WARN_UNREACHABLE_CODE = YES;
				CLANG_WARN__DUPLICATE_METHOD_MATCH = YES;
				COPY_PHASE_STRIP = NO;
				DEBUG_INFORMATION_FORMAT = dwarf;
				ENABLE_STRICT_OBJC_MSGSEND = YES;
				ENABLE_TESTABILITY = YES;
				GCC_C_LANGUAGE_STANDARD = gnu11;
				GCC_DYNAMIC_NO_PIC = NO;
				GCC_NO_COMMON_BLOCKS = YES;
				GCC_OPTIMIZATION_LEVEL = 0;
				GCC_PREPROCESSOR_DEFINITIONS = (
					"DEBUG=1",
					"$(inherited)",
				);
				GCC_WARN_64_TO_32_BIT_CONVERSION = YES;
				GCC_WARN_ABOUT_RETURN_TYPE = YES_ERROR;
				GCC_WARN_UNDECLARED_SELECTOR = YES;
				GCC_WARN_UNINITIALIZED_AUTOS = YES_AGGRESSIVE;
				GCC_WARN_UNUSED_FUNCTION = YES;
				GCC_WARN_UNUSED_VARIABLE = YES;
				IPHONEOS_DEPLOYMENT_TARGET = 13.4;
				MTL_ENABLE_DEBUG_INFO = INCLUDE_SOURCE;
				MTL_FAST_MATH = YES;
				ONLY_ACTIVE_ARCH = YES;
				SDKROOT = iphoneos;
				SWIFT_ACTIVE_COMPILATION_CONDITIONS = DEBUG;
				SWIFT_OPTIMIZATION_LEVEL = "-Onone";
			};
			name = Debug;
		};
		3738664D2447ED0700EE47AF /* Release */ = {
			isa = XCBuildConfiguration;
			buildSettings = {
				ALWAYS_SEARCH_USER_PATHS = NO;
				CLANG_ANALYZER_NONNULL = YES;
				CLANG_ANALYZER_NUMBER_OBJECT_CONVERSION = YES_AGGRESSIVE;
				CLANG_CXX_LANGUAGE_STANDARD = "gnu++14";
				CLANG_CXX_LIBRARY = "libc++";
				CLANG_ENABLE_MODULES = YES;
				CLANG_ENABLE_OBJC_ARC = YES;
				CLANG_ENABLE_OBJC_WEAK = YES;
				CLANG_WARN_BLOCK_CAPTURE_AUTORELEASING = YES;
				CLANG_WARN_BOOL_CONVERSION = YES;
				CLANG_WARN_COMMA = YES;
				CLANG_WARN_CONSTANT_CONVERSION = YES;
				CLANG_WARN_DEPRECATED_OBJC_IMPLEMENTATIONS = YES;
				CLANG_WARN_DIRECT_OBJC_ISA_USAGE = YES_ERROR;
				CLANG_WARN_DOCUMENTATION_COMMENTS = YES;
				CLANG_WARN_EMPTY_BODY = YES;
				CLANG_WARN_ENUM_CONVERSION = YES;
				CLANG_WARN_INFINITE_RECURSION = YES;
				CLANG_WARN_INT_CONVERSION = YES;
				CLANG_WARN_NON_LITERAL_NULL_CONVERSION = YES;
				CLANG_WARN_OBJC_IMPLICIT_RETAIN_SELF = YES;
				CLANG_WARN_OBJC_LITERAL_CONVERSION = YES;
				CLANG_WARN_OBJC_ROOT_CLASS = YES_ERROR;
				CLANG_WARN_RANGE_LOOP_ANALYSIS = YES;
				CLANG_WARN_STRICT_PROTOTYPES = YES;
				CLANG_WARN_SUSPICIOUS_MOVE = YES;
				CLANG_WARN_UNGUARDED_AVAILABILITY = YES_AGGRESSIVE;
				CLANG_WARN_UNREACHABLE_CODE = YES;
				CLANG_WARN__DUPLICATE_METHOD_MATCH = YES;
				COPY_PHASE_STRIP = NO;
				DEBUG_INFORMATION_FORMAT = "dwarf-with-dsym";
				ENABLE_NS_ASSERTIONS = NO;
				ENABLE_STRICT_OBJC_MSGSEND = YES;
				GCC_C_LANGUAGE_STANDARD = gnu11;
				GCC_NO_COMMON_BLOCKS = YES;
				GCC_WARN_64_TO_32_BIT_CONVERSION = YES;
				GCC_WARN_ABOUT_RETURN_TYPE = YES_ERROR;
				GCC_WARN_UNDECLARED_SELECTOR = YES;
				GCC_WARN_UNINITIALIZED_AUTOS = YES_AGGRESSIVE;
				GCC_WARN_UNUSED_FUNCTION = YES;
				GCC_WARN_UNUSED_VARIABLE = YES;
				IPHONEOS_DEPLOYMENT_TARGET = 13.4;
				MTL_ENABLE_DEBUG_INFO = NO;
				MTL_FAST_MATH = YES;
				SDKROOT = iphoneos;
				SWIFT_COMPILATION_MODE = wholemodule;
				SWIFT_OPTIMIZATION_LEVEL = "-O";
				VALIDATE_PRODUCT = YES;
			};
			name = Release;
		};
		3738664F2447ED0700EE47AF /* Debug */ = {
			isa = XCBuildConfiguration;
			buildSettings = {
				ASSETCATALOG_COMPILER_APPICON_NAME = AppIcon;
				CODE_SIGN_STYLE = Automatic;
				DEVELOPMENT_TEAM = VQYZHB3WHW;
				INFOPLIST_FILE = LookHomeVRDemo/Info.plist;
				LD_RUNPATH_SEARCH_PATHS = (
					"$(inherited)",
					"@executable_path/Frameworks",
				);
				PRODUCT_BUNDLE_IDENTIFIER = "-2222.LookHomeVRDemo";
				PRODUCT_NAME = "$(TARGET_NAME)";
				SWIFT_VERSION = 5.0;
				TARGETED_DEVICE_FAMILY = "1,2";
			};
			name = Debug;
		};
		373866502447ED0700EE47AF /* Release */ = {
			isa = XCBuildConfiguration;
			buildSettings = {
				ASSETCATALOG_COMPILER_APPICON_NAME = AppIcon;
				CODE_SIGN_STYLE = Automatic;
				DEVELOPMENT_TEAM = VQYZHB3WHW;
				INFOPLIST_FILE = LookHomeVRDemo/Info.plist;
				LD_RUNPATH_SEARCH_PATHS = (
					"$(inherited)",
					"@executable_path/Frameworks",
				);
				PRODUCT_BUNDLE_IDENTIFIER = "-2222.LookHomeVRDemo";
				PRODUCT_NAME = "$(TARGET_NAME)";
				SWIFT_VERSION = 5.0;
				TARGETED_DEVICE_FAMILY = "1,2";
			};
			name = Release;
		};
/* End XCBuildConfiguration section */

/* Begin XCConfigurationList section */
		373866352447ED0500EE47AF /* Build configuration list for PBXProject "LookHomeVRDemo" */ = {
			isa = XCConfigurationList;
			buildConfigurations = (
				3738664C2447ED0700EE47AF /* Debug */,
				3738664D2447ED0700EE47AF /* Release */,
			);
			defaultConfigurationIsVisible = 0;
			defaultConfigurationName = Release;
		};
		3738664E2447ED0700EE47AF /* Build configuration list for PBXNativeTarget "LookHomeVRDemo" */ = {
			isa = XCConfigurationList;
			buildConfigurations = (
				3738664F2447ED0700EE47AF /* Debug */,
				373866502447ED0700EE47AF /* Release */,
			);
			defaultConfigurationIsVisible = 0;
			defaultConfigurationName = Release;
		};
/* End XCConfigurationList section */
	};
	rootObject = 373866322447ED0500EE47AF /* Project object */;
}
